
Microsoft Visual Studio Solution File, Format Version 12.00
# Visual Studio Version 16
VisualStudioVersion = 16.0.31702.278
MinimumVisualStudioVersion = 10.0.40219.1
Project("{FAE04EC0-301F-11D3-BF4B-00C04F79EFBC}") = "BowlingScoreOOP", "BowlingScoreOOP.csproj", "{4987F7C3-2E92-4B19-85ED-FB1709A58A01}"
EndProject
Project("{FAE04EC0-301F-11D3-BF4B-00C04F79EFBC}") = "jBowlingScoreOOP.Tests", "..\jBowlingScoreOOP.Tests\jBowlingScoreOOP.Tests.csproj", "{47918473-716C-4582-B750-E8477064583B}"
EndProject
Global
	GlobalSection(SolutionConfigurationPlatforms) = preSolution
		Debug|Any CPU = Debug|Any CPU
		Release|Any CPU = Release|Any CPU
	EndGlobalSection
	GlobalSection(ProjectConfigurationPlatforms) = postSolution
		{4987F7C3-2E92-4B19-85ED-FB1709A58A01}.Debug|Any CPU.ActiveCfg = Debug|Any CPU
		{4987F7C3-2E92-4B19-85ED-FB1709A58A01}.Debug|Any CPU.Build.0 = Debug|Any CPU
		{4987F7C3-2E92-4B19-85ED-FB1709A58A01}.Release|Any CPU.ActiveCfg = Release|Any CPU
		{4987F7C3-2E92-4B19-85ED-FB1709A58A01}.Release|Any CPU.Build.0 = Release|Any CPU
		{47918473-716C-4582-B750-E8477064583B}.Debug|Any CPU.ActiveCfg = Debug|Any CPU
		{47918473-716C-4582-B750-E8477064583B}.Debug|Any CPU.Build.0 = Debug|Any CPU
		{47918473-716C-4582-B750-E8477064583B}.Release|Any CPU.ActiveCfg = Release|Any CPU
		{47918473-716C-4582-B750-E8477064583B}.Release|Any CPU.Build.0 = Release|Any CPU
	EndGlobalSection
	GlobalSection(SolutionProperties) = preSolution
		HideSolutionNode = FALSE
	EndGlobalSection
	GlobalSection(ExtensibilityGlobals) = postSolution
		SolutionGuid = {16A97B8E-4A92-4402-A938-356318E1BAF3}
	EndGlobalSection
EndGlobal
