
Microsoft Visual Studio Solution File, Format Version 12.00
# Visual Studio Version 16
VisualStudioVersion = 16.0.30114.105
MinimumVisualStudioVersion = 10.0.40219.1
Project("{9A19103F-16F7-4668-BE54-9A1E7A4F7556}") = "jBanking.Kata", "jBanking.Kata\jBanking.Kata.csproj", "{E8F6B21C-C3DB-414E-9536-883C06BCBFA9}"
EndProject
Project("{9A19103F-16F7-4668-BE54-9A1E7A4F7556}") = "jBanking.Kata.tests", "jBanking.Kata.tests\jBanking.Kata.tests.csproj", "{4C6153B2-297A-4DED-81AA-DA6F4546EDF0}"
EndProject
Global
	GlobalSection(SolutionConfigurationPlatforms) = preSolution
		Debug|Any CPU = Debug|Any CPU
		Debug|x64 = Debug|x64
		Debug|x86 = Debug|x86
		Release|Any CPU = Release|Any CPU
		Release|x64 = Release|x64
		Release|x86 = Release|x86
	EndGlobalSection
	GlobalSection(ProjectConfigurationPlatforms) = postSolution
		{E8F6B21C-C3DB-414E-9536-883C06BCBFA9}.Debug|Any CPU.ActiveCfg = Debug|Any CPU
		{E8F6B21C-C3DB-414E-9536-883C06BCBFA9}.Debug|Any CPU.Build.0 = Debug|Any CPU
		{E8F6B21C-C3DB-414E-9536-883C06BCBFA9}.Debug|x64.ActiveCfg = Debug|Any CPU
		{E8F6B21C-C3DB-414E-9536-883C06BCBFA9}.Debug|x64.Build.0 = Debug|Any CPU
		{E8F6B21C-C3DB-414E-9536-883C06BCBFA9}.Debug|x86.ActiveCfg = Debug|Any CPU
		{E8F6B21C-C3DB-414E-9536-883C06BCBFA9}.Debug|x86.Build.0 = Debug|Any CPU
		{E8F6B21C-C3DB-414E-9536-883C06BCBFA9}.Release|Any CPU.ActiveCfg = Release|Any CPU
		{E8F6B21C-C3DB-414E-9536-883C06BCBFA9}.Release|Any CPU.Build.0 = Release|Any CPU
		{E8F6B21C-C3DB-414E-9536-883C06BCBFA9}.Release|x64.ActiveCfg = Release|Any CPU
		{E8F6B21C-C3DB-414E-9536-883C06BCBFA9}.Release|x64.Build.0 = Release|Any CPU
		{E8F6B21C-C3DB-414E-9536-883C06BCBFA9}.Release|x86.ActiveCfg = Release|Any CPU
		{E8F6B21C-C3DB-414E-9536-883C06BCBFA9}.Release|x86.Build.0 = Release|Any CPU
		{4C6153B2-297A-4DED-81AA-DA6F4546EDF0}.Debug|Any CPU.ActiveCfg = Debug|Any CPU
		{4C6153B2-297A-4DED-81AA-DA6F4546EDF0}.Debug|Any CPU.Build.0 = Debug|Any CPU
		{4C6153B2-297A-4DED-81AA-DA6F4546EDF0}.Debug|x64.ActiveCfg = Debug|Any CPU
		{4C6153B2-297A-4DED-81AA-DA6F4546EDF0}.Debug|x64.Build.0 = Debug|Any CPU
		{4C6153B2-297A-4DED-81AA-DA6F4546EDF0}.Debug|x86.ActiveCfg = Debug|Any CPU
		{4C6153B2-297A-4DED-81AA-DA6F4546EDF0}.Debug|x86.Build.0 = Debug|Any CPU
		{4C6153B2-297A-4DED-81AA-DA6F4546EDF0}.Release|Any CPU.ActiveCfg = Release|Any CPU
		{4C6153B2-297A-4DED-81AA-DA6F4546EDF0}.Release|Any CPU.Build.0 = Release|Any CPU
		{4C6153B2-297A-4DED-81AA-DA6F4546EDF0}.Release|x64.ActiveCfg = Release|Any CPU
		{4C6153B2-297A-4DED-81AA-DA6F4546EDF0}.Release|x64.Build.0 = Release|Any CPU
		{4C6153B2-297A-4DED-81AA-DA6F4546EDF0}.Release|x86.ActiveCfg = Release|Any CPU
		{4C6153B2-297A-4DED-81AA-DA6F4546EDF0}.Release|x86.Build.0 = Release|Any CPU
	EndGlobalSection
	GlobalSection(SolutionProperties) = preSolution
		HideSolutionNode = FALSE
	EndGlobalSection
	GlobalSection(ExtensibilityGlobals) = postSolution
		SolutionGuid = {4AE9704F-9FAE-4C0F-9155-9570DE18E25D}
	EndGlobalSection
EndGlobal
